// !$*UTF8*$!
{
	archiveVersion = 1;
	classes = {
	};
	objectVersion = 46;
	objects = {

/* Begin PBXBuildFile section */
		C0A907411E9DC98400754220 /* main.m in Sources */ = {isa = PBXBuildFile; fileRef = C0A907401E9DC98400754220 /* main.m */; };
		C0A907441E9DC98500754220 /* AppDelegate.m in Sources */ = {isa = PBXBuildFile; fileRef = C0A907431E9DC98500754220 /* AppDelegate.m */; };
		C0A907471E9DC98500754220 /* ViewController.m in Sources */ = {isa = PBXBuildFile; fileRef = C0A907461E9DC98500754220 /* ViewController.m */; };
		C0A9074A1E9DC98500754220 /* Main.storyboard in Resources */ = {isa = PBXBuildFile; fileRef = C0A907481E9DC98500754220 /* Main.storyboard */; };
		C0A9074C1E9DC98500754220 /* Assets.xcassets in Resources */ = {isa = PBXBuildFile; fileRef = C0A9074B1E9DC98500754220 /* Assets.xcassets */; };
		C0A9074F1E9DC98500754220 /* LaunchScreen.storyboard in Resources */ = {isa = PBXBuildFile; fileRef = C0A9074D1E9DC98500754220 /* LaunchScreen.storyboard */; };
		C0A907581E9DC9C600754220 /* MapKit.framework in Frameworks */ = {isa = PBXBuildFile; fileRef = C0A907571E9DC9C600754220 /* MapKit.framework */; };
/* End PBXBuildFile section */

/* Begin PBXFileReference section */
		C0A9073C1E9DC98400754220 /* 17.3.2 MKMapView的基本使用.app */ = {isa = PBXFileReference; explicitFileType = wrapper.application; includeInIndex = 0; path = "17.3.2 MKMapView的基本使用.app"; sourceTree = BUILT_PRODUCTS_DIR; };
		C0A907401E9DC98400754220 /* main.m */ = {isa = PBXFileReference; lastKnownFileType = sourcecode.c.objc; path = main.m; sourceTree = "<group>"; };
		C0A907421E9DC98500754220 /* AppDelegate.h */ = {isa = PBXFileReference; lastKnownFileType = sourcecode.c.h; path = AppDelegate.h; sourceTree = "<group>"; };
		C0A907431E9DC98500754220 /* AppDelegate.m */ = {isa = PBXFileReference; lastKnownFileType = sourcecode.c.objc; path = AppDelegate.m; sourceTree = "<group>"; };
		C0A907451E9DC98500754220 /* ViewController.h */ = {isa = PBXFileReference; lastKnownFileType = sourcecode.c.h; path = ViewController.h; sourceTree = "<group>"; };
		C0A907461E9DC98500754220 /* ViewController.m */ = {isa = PBXFileReference; lastKnownFileType = sourcecode.c.objc; path = ViewController.m; sourceTree = "<group>"; };
		C0A907491E9DC98500754220 /* Base */ = {isa = PBXFileReference; lastKnownFileType = file.storyboard; name = Base; path = Base.lproj/Main.storyboard; sourceTree = "<group>"; };
		C0A9074B1E9DC98500754220 /* Assets.xcassets */ = {isa = PBXFileReference; lastKnownFileType = folder.assetcatalog; path = Assets.xcassets; sourceTree = "<group>"; };
		C0A9074E1E9DC98500754220 /* Base */ = {isa = PBXFileReference; lastKnownFileType = file.storyboard; name = Base; path = Base.lproj/LaunchScreen.storyboard; sourceTree = "<group>"; };
		C0A907501E9DC98500754220 /* Info.plist */ = {isa = PBXFileReference; lastKnownFileType = text.plist.xml; path = Info.plist; sourceTree = "<group>"; };
		C0A907571E9DC9C600754220 /* MapKit.framework */ = {isa = PBXFileReference; lastKnownFileType = wrapper.framework; name = MapKit.framework; path = System/Library/Frameworks/MapKit.framework; sourceTree = SDKROOT; };
/* End PBXFileReference section */

/* Begin PBXFrameworksBuildPhase section */
		C0A907391E9DC98400754220 /* Frameworks */ = {
			isa = PBXFrameworksBuildPhase;
			buildActionMask = 2147483647;
			files = (
				C0A907581E9DC9C600754220 /* MapKit.framework in Frameworks */,
			);
			runOnlyForDeploymentPostprocessing = 0;
		};
/* End PBXFrameworksBuildPhase section */

/* Begin PBXGroup section */
		C0A907331E9DC98400754220 = {
			isa = PBXGroup;
			children = (
				C0A9073E1E9DC98400754220 /* 17.3.2 MKMapView的基本使用 */,
				C0A9073D1E9DC98400754220 /* Products */,
				C0A907561E9DC9C600754220 /* Frameworks */,
			);
			sourceTree = "<group>";
		};
		C0A9073D1E9DC98400754220 /* Products */ = {
			isa = PBXGroup;
			children = (
				C0A9073C1E9DC98400754220 /* 17.3.2 MKMapView的基本使用.app */,
			);
			name = Products;
			sourceTree = "<group>";
		};
		C0A9073E1E9DC98400754220 /* 17.3.2 MKMapView的基本使用 */ = {
			isa = PBXGroup;
			children = (
				C0A907421E9DC98500754220 /* AppDelegate.h */,
				C0A907431E9DC98500754220 /* AppDelegate.m */,
				C0A907451E9DC98500754220 /* ViewController.h */,
				C0A907461E9DC98500754220 /* ViewController.m */,
				C0A907481E9DC98500754220 /* Main.storyboard */,
				C0A9074B1E9DC98500754220 /* Assets.xcassets */,
				C0A9074D1E9DC98500754220 /* LaunchScreen.storyboard */,
				C0A907501E9DC98500754220 /* Info.plist */,
				C0A9073F1E9DC98400754220 /* Supporting Files */,
			);
			path = "17.3.2 MKMapView的基本使用";
			sourceTree = "<group>";
		};
		C0A9073F1E9DC98400754220 /* Supporting Files */ = {
			isa = PBXGroup;
			children = (
				C0A907401E9DC98400754220 /* main.m */,
			);
			name = "Supporting Files";
			sourceTree = "<group>";
		};
		C0A907561E9DC9C600754220 /* Frameworks */ = {
			isa = PBXGroup;
			children = (
				C0A907571E9DC9C600754220 /* MapKit.framework */,
			);
			name = Frameworks;
			sourceTree = "<group>";
		};
/* End PBXGroup section */

/* Begin PBXNativeTarget section */
		C0A9073B1E9DC98400754220 /* 17.3.2 MKMapView的基本使用 */ = {
			isa = PBXNativeTarget;
			buildConfigurationList = C0A907531E9DC98500754220 /* Build configuration list for PBXNativeTarget "17.3.2 MKMapView的基本使用" */;
			buildPhases = (
				C0A907381E9DC98400754220 /* Sources */,
				C0A907391E9DC98400754220 /* Frameworks */,
				C0A9073A1E9DC98400754220 /* Resources */,
			);
			buildRules = (
			);
			dependencies = (
			);
			name = "17.3.2 MKMapView的基本使用";
			productName = "17.3.2 MKMapView的基本使用";
			productReference = C0A9073C1E9DC98400754220 /* 17.3.2 MKMapView的基本使用.app */;
			productType = "com.apple.product-type.application";
		};
/* End PBXNativeTarget section */

/* Begin PBXProject section */
		C0A907341E9DC98400754220 /* Project object */ = {
			isa = PBXProject;
			attributes = {
				LastUpgradeCheck = 0830;
				ORGANIZATIONNAME = Liz;
				TargetAttributes = {
					C0A9073B1E9DC98400754220 = {
						CreatedOnToolsVersion = 8.3.1;
						DevelopmentTeam = 785Y3X4B8V;
						ProvisioningStyle = Automatic;
					};
				};
			};
			buildConfigurationList = C0A907371E9DC98400754220 /* Build configuration list for PBXProject "17.3.2 MKMapView的基本使用" */;
			compatibilityVersion = "Xcode 3.2";
			developmentRegion = English;
			hasScannedForEncodings = 0;
			knownRegions = (
				en,
				Base,
			);
			mainGroup = C0A907331E9DC98400754220;
			productRefGroup = C0A9073D1E9DC98400754220 /* Products */;
			projectDirPath = "";
			projectRoot = "";
			targets = (
				C0A9073B1E9DC98400754220 /* 17.3.2 MKMapView的基本使用 */,
			);
		};
/* End PBXProject section */

/* Begin PBXResourcesBuildPhase section */
		C0A9073A1E9DC98400754220 /* Resources */ = {
			isa = PBXResourcesBuildPhase;
			buildActionMask = 2147483647;
			files = (
				C0A9074F1E9DC98500754220 /* LaunchScreen.storyboard in Resources */,
				C0A9074C1E9DC98500754220 /* Assets.xcassets in Resources */,
				C0A9074A1E9DC98500754220 /* Main.storyboard in Resources */,
			);
			runOnlyForDeploymentPostprocessing = 0;
		};
/* End PBXResourcesBuildPhase section */

/* Begin PBXSourcesBuildPhase section */
		C0A907381E9DC98400754220 /* Sources */ = {
			isa = PBXSourcesBuildPhase;
			buildActionMask = 2147483647;
			files = (
				C0A907471E9DC98500754220 /* ViewController.m in Sources */,
				C0A907441E9DC98500754220 /* AppDelegate.m in Sources */,
				C0A907411E9DC98400754220 /* main.m in Sources */,
			);
			runOnlyForDeploymentPostprocessing = 0;
		};
/* End PBXSourcesBuildPhase section */

/* Begin PBXVariantGroup section */
		C0A907481E9DC98500754220 /* Main.storyboard */ = {
			isa = PBXVariantGroup;
			children = (
				C0A907491E9DC98500754220 /* Base */,
			);
			name = Main.storyboard;
			sourceTree = "<group>";
		};
		C0A9074D1E9DC98500754220 /* LaunchScreen.storyboard */ = {
			isa = PBXVariantGroup;
			children = (
				C0A9074E1E9DC98500754220 /* Base */,
			);
			name = LaunchScreen.storyboard;
			sourceTree = "<group>";
		};
/* End PBXVariantGroup section */

/* Begin XCBuildConfiguration section */
		C0A907511E9DC98500754220 /* Debug */ = {
			isa = XCBuildConfiguration;
			buildSettings = {
				ALWAYS_SEARCH_USER_PATHS = NO;
				CLANG_ANALYZER_NONNULL = YES;
				CLANG_ANALYZER_NUMBER_OBJECT_CONVERSION = YES_AGGRESSIVE;
				CLANG_CXX_LANGUAGE_STANDARD = "gnu++0x";
				CLANG_CXX_LIBRARY = "libc++";
				CLANG_ENABLE_MODULES = YES;
				CLANG_ENABLE_OBJC_ARC = YES;
				CLANG_WARN_BOOL_CONVERSION = YES;
				CLANG_WARN_CONSTANT_CONVERSION = YES;
				CLANG_WARN_DIRECT_OBJC_ISA_USAGE = YES_ERROR;
				CLANG_WARN_DOCUMENTATION_COMMENTS = YES;
				CLANG_WARN_EMPTY_BODY = YES;
				CLANG_WARN_ENUM_CONVERSION = YES;
				CLANG_WARN_INFINITE_RECURSION = YES;
				CLANG_WARN_INT_CONVERSION = YES;
				CLANG_WARN_OBJC_ROOT_CLASS = YES_ERROR;
				CLANG_WARN_SUSPICIOUS_MOVE = YES;
				CLANG_WARN_UNREACHABLE_CODE = YES;
				CLANG_WARN__DUPLICATE_METHOD_MATCH = YES;
				"CODE_SIGN_IDENTITY[sdk=iphoneos*]" = "iPhone Developer";
				COPY_PHASE_STRIP = NO;
				DEBUG_INFORMATION_FORMAT = dwarf;
				ENABLE_STRICT_OBJC_MSGSEND = YES;
				ENABLE_TESTABILITY = YES;
				GCC_C_LANGUAGE_STANDARD = gnu99;
				GCC_DYNAMIC_NO_PIC = NO;
				GCC_NO_COMMON_BLOCKS = YES;
				GCC_OPTIMIZATION_LEVEL = 0;
				GCC_PREPROCESSOR_DEFINITIONS = (
					"DEBUG=1",
					"$(inherited)",
				);
				GCC_WARN_64_TO_32_BIT_CONVERSION = YES;
				GCC_WARN_ABOUT_RETURN_TYPE = YES_ERROR;
				GCC_WARN_UNDECLARED_SELECTOR = YES;
				GCC_WARN_UNINITIALIZED_AUTOS = YES_AGGRESSIVE;
				GCC_WARN_UNUSED_FUNCTION = YES;
				GCC_WARN_UNUSED_VARIABLE = YES;
				IPHONEOS_DEPLOYMENT_TARGET = 10.3;
				MTL_ENABLE_DEBUG_INFO = YES;
				ONLY_ACTIVE_ARCH = YES;
				SDKROOT = iphoneos;
			};
			name = Debug;
		};
		C0A907521E9DC98500754220 /* Release */ = {
			isa = XCBuildConfiguration;
			buildSettings = {
				ALWAYS_SEARCH_USER_PATHS = NO;
				CLANG_ANALYZER_NONNULL = YES;
				CLANG_ANALYZER_NUMBER_OBJECT_CONVERSION = YES_AGGRESSIVE;
				CLANG_CXX_LANGUAGE_STANDARD = "gnu++0x";
				CLANG_CXX_LIBRARY = "libc++";
				CLANG_ENABLE_MODULES = YES;
				CLANG_ENABLE_OBJC_ARC = YES;
				CLANG_WARN_BOOL_CONVERSION = YES;
				CLANG_WARN_CONSTANT_CONVERSION = YES;
				CLANG_WARN_DIRECT_OBJC_ISA_USAGE = YES_ERROR;
				CLANG_WARN_DOCUMENTATION_COMMENTS = YES;
				CLANG_WARN_EMPTY_BODY = YES;
				CLANG_WARN_ENUM_CONVERSION = YES;
				CLANG_WARN_INFINITE_RECURSION = YES;
				CLANG_WARN_INT_CONVERSION = YES;
				CLANG_WARN_OBJC_ROOT_CLASS = YES_ERROR;
				CLANG_WARN_SUSPICIOUS_MOVE = YES;
				CLANG_WARN_UNREACHABLE_CODE = YES;
				CLANG_WARN__DUPLICATE_METHOD_MATCH = YES;
				"CODE_SIGN_IDENTITY[sdk=iphoneos*]" = "iPhone Developer";
				COPY_PHASE_STRIP = NO;
				DEBUG_INFORMATION_FORMAT = "dwarf-with-dsym";
				ENABLE_NS_ASSERTIONS = NO;
				ENABLE_STRICT_OBJC_MSGSEND = YES;
				GCC_C_LANGUAGE_STANDARD = gnu99;
				GCC_NO_COMMON_BLOCKS = YES;
				GCC_WARN_64_TO_32_BIT_CONVERSION = YES;
				GCC_WARN_ABOUT_RETURN_TYPE = YES_ERROR;
				GCC_WARN_UNDECLARED_SELECTOR = YES;
				GCC_WARN_UNINITIALIZED_AUTOS = YES_AGGRESSIVE;
				GCC_WARN_UNUSED_FUNCTION = YES;
				GCC_WARN_UNUSED_VARIABLE = YES;
				IPHONEOS_DEPLOYMENT_TARGET = 10.3;
				MTL_ENABLE_DEBUG_INFO = NO;
				SDKROOT = iphoneos;
				VALIDATE_PRODUCT = YES;
			};
			name = Release;
		};
		C0A907541E9DC98500754220 /* Debug */ = {
			isa = XCBuildConfiguration;
			buildSettings = {
				ASSETCATALOG_COMPILER_APPICON_NAME = AppIcon;
				DEVELOPMENT_TEAM = 785Y3X4B8V;
				INFOPLIST_FILE = "17.3.2 MKMapView的基本使用/Info.plist";
				LD_RUNPATH_SEARCH_PATHS = "$(inherited) @executable_path/Frameworks";
				PRODUCT_BUNDLE_IDENTIFIER = "com.99ios.-7-3-2-MKMapView";
				PRODUCT_NAME = "$(TARGET_NAME)";
			};
			name = Debug;
		};
		C0A907551E9DC98500754220 /* Release */ = {
			isa = XCBuildConfiguration;
			buildSettings = {
				ASSETCATALOG_COMPILER_APPICON_NAME = AppIcon;
				DEVELOPMENT_TEAM = 785Y3X4B8V;
				INFOPLIST_FILE = "17.3.2 MKMapView的基本使用/Info.plist";
				LD_RUNPATH_SEARCH_PATHS = "$(inherited) @executable_path/Frameworks";
				PRODUCT_BUNDLE_IDENTIFIER = "com.99ios.-7-3-2-MKMapView";
				PRODUCT_NAME = "$(TARGET_NAME)";
			};
			name = Release;
		};
/* End XCBuildConfiguration section */

/* Begin XCConfigurationList section */
		C0A907371E9DC98400754220 /* Build configuration list for PBXProject "17.3.2 MKMapView的基本使用" */ = {
			isa = XCConfigurationList;
			buildConfigurations = (
				C0A907511E9DC98500754220 /* Debug */,
				C0A907521E9DC98500754220 /* Release */,
			);
			defaultConfigurationIsVisible = 0;
			defaultConfigurationName = Release;
		};
		C0A907531E9DC98500754220 /* Build configuration list for PBXNativeTarget "17.3.2 MKMapView的基本使用" */ = {
			isa = XCConfigurationList;
			buildConfigurations = (
				C0A907541E9DC98500754220 /* Debug */,
				C0A907551E9DC98500754220 /* Release */,
			);
			defaultConfigurationIsVisible = 0;
		};
/* End XCConfigurationList section */
	};
	rootObject = C0A907341E9DC98400754220 /* Project object */;
}
